
Microsoft Visual Studio Solution File, Format Version 12.00
# Visual Studio 15
VisualStudioVersion = 15.0.27703.2000
MinimumVisualStudioVersion = 10.0.40219.1
Project("{FAE04EC0-301F-11D3-BF4B-00C04F79EFBC}") = "Console6", "Console6\Console6.csproj", "{BB1043FE-0E0F-4E3F-A76C-7961CEC2338E}"
EndProject
Global
	GlobalSection(SolutionConfigurationPlatforms) = preSolution
		Debug|Any CPU = Debug|Any CPU
		Release|Any CPU = Release|Any CPU
	EndGlobalSection
	GlobalSection(ProjectConfigurationPlatforms) = postSolution
		{BB1043FE-0E0F-4E3F-A76C-7961CEC2338E}.Debug|Any CPU.ActiveCfg = Debug|Any CPU
		{BB1043FE-0E0F-4E3F-A76C-7961CEC2338E}.Debug|Any CPU.Build.0 = Debug|Any CPU
		{BB1043FE-0E0F-4E3F-A76C-7961CEC2338E}.Release|Any CPU.ActiveCfg = Release|Any CPU
		{BB1043FE-0E0F-4E3F-A76C-7961CEC2338E}.Release|Any CPU.Build.0 = Release|Any CPU
	EndGlobalSection
	GlobalSection(SolutionProperties) = preSolution
		HideSolutionNode = FALSE
	EndGlobalSection
	GlobalSection(ExtensibilityGlobals) = postSolution
		SolutionGuid = {3B173970-CC1E-4117-9FF7-C8D883A38CDA}
	EndGlobalSection
EndGlobal
